
Microsoft Visual Studio Solution File, Format Version 12.00
# Visual Studio Version 16
VisualStudioVersion = 16.0.30523.141
MinimumVisualStudioVersion = 10.0.40219.1
Project("{FAE04EC0-301F-11D3-BF4B-00C04F79EFBC}") = "Flight investigation application", "Flight investigation application.csproj", "{236F33FE-199E-47BF-8288-1B97D204A342}"
EndProject
Global
	GlobalSection(SolutionConfigurationPlatforms) = preSolution
		Debug|Any CPU = Debug|Any CPU
		Release|Any CPU = Release|Any CPU
	EndGlobalSection
	GlobalSection(ProjectConfigurationPlatforms) = postSolution
		{236F33FE-199E-47BF-8288-1B97D204A342}.Debug|Any CPU.ActiveCfg = Debug|Any CPU
		{236F33FE-199E-47BF-8288-1B97D204A342}.Debug|Any CPU.Build.0 = Debug|Any CPU
		{236F33FE-199E-47BF-8288-1B97D204A342}.Release|Any CPU.ActiveCfg = Release|Any CPU
		{236F33FE-199E-47BF-8288-1B97D204A342}.Release|Any CPU.Build.0 = Release|Any CPU
	EndGlobalSection
	GlobalSection(SolutionProperties) = preSolution
		HideSolutionNode = FALSE
	EndGlobalSection
	GlobalSection(ExtensibilityGlobals) = postSolution
		SolutionGuid = {CD102275-DAD6-424A-B770-1C2537E75E84}
	EndGlobalSection
EndGlobal
